// !$*UTF8*$!
{
	archiveVersion = 1;
	classes = {
	};
	objectVersion = 56;
	objects = {

/* Begin PBXBuildFile section */
		A606AAC62B78974500B3A93A /* DoubleFormatter.swift in Sources */ = {isa = PBXBuildFile; fileRef = A606AAC52B78974500B3A93A /* DoubleFormatter.swift */; };
		A692933C2B6DE95F001AB512 /* RUButton.swift in Sources */ = {isa = PBXBuildFile; fileRef = A692933B2B6DE95F001AB512 /* RUButton.swift */; };
		A69293472B6DF5BF001AB512 /* BudgetModel.xcdatamodeld in Sources */ = {isa = PBXBuildFile; fileRef = A69293452B6DF5BF001AB512 /* BudgetModel.xcdatamodeld */; };
		A69293492B6DF786001AB512 /* AddBudgetView.swift in Sources */ = {isa = PBXBuildFile; fileRef = A69293482B6DF786001AB512 /* AddBudgetView.swift */; };
		A692934D2B6EA968001AB512 /* BudgetListView.swift in Sources */ = {isa = PBXBuildFile; fileRef = A692934C2B6EA968001AB512 /* BudgetListView.swift */; };
		A692934F2B6EFE6C001AB512 /* BudgetDetailView.swift in Sources */ = {isa = PBXBuildFile; fileRef = A692934E2B6EFE6C001AB512 /* BudgetDetailView.swift */; };
		A69293512B6F6C48001AB512 /* PieChartView.swift in Sources */ = {isa = PBXBuildFile; fileRef = A69293502B6F6C48001AB512 /* PieChartView.swift */; };
		A69293532B6F6F85001AB512 /* EditBudgetView.swift in Sources */ = {isa = PBXBuildFile; fileRef = A69293522B6F6F85001AB512 /* EditBudgetView.swift */; };
		A6A74BC22B6DDEA1005629AF /* ExpenseroooApp.swift in Sources */ = {isa = PBXBuildFile; fileRef = A6A74BC12B6DDEA1005629AF /* ExpenseroooApp.swift */; };
		A6A74BC62B6DDEAA005629AF /* Assets.xcassets in Resources */ = {isa = PBXBuildFile; fileRef = A6A74BC52B6DDEAA005629AF /* Assets.xcassets */; };
		A6A74BC92B6DDEAA005629AF /* Preview Assets.xcassets in Resources */ = {isa = PBXBuildFile; fileRef = A6A74BC82B6DDEAA005629AF /* Preview Assets.xcassets */; };
		A6A74BD62B6DE1F4005629AF /* DataController.swift in Sources */ = {isa = PBXBuildFile; fileRef = A6A74BD52B6DE1F3005629AF /* DataController.swift */; };
/* End PBXBuildFile section */

/* Begin PBXFileReference section */
		A606AAC52B78974500B3A93A /* DoubleFormatter.swift */ = {isa = PBXFileReference; lastKnownFileType = sourcecode.swift; path = DoubleFormatter.swift; sourceTree = "<group>"; };
		A692933B2B6DE95F001AB512 /* RUButton.swift */ = {isa = PBXFileReference; lastKnownFileType = sourcecode.swift; path = RUButton.swift; sourceTree = "<group>"; };
		A69293462B6DF5BF001AB512 /* BudgetModel.xcdatamodel */ = {isa = PBXFileReference; lastKnownFileType = wrapper.xcdatamodel; path = BudgetModel.xcdatamodel; sourceTree = "<group>"; };
		A69293482B6DF786001AB512 /* AddBudgetView.swift */ = {isa = PBXFileReference; lastKnownFileType = sourcecode.swift; path = AddBudgetView.swift; sourceTree = "<group>"; };
		A692934C2B6EA968001AB512 /* BudgetListView.swift */ = {isa = PBXFileReference; lastKnownFileType = sourcecode.swift; path = BudgetListView.swift; sourceTree = "<group>"; };
		A692934E2B6EFE6C001AB512 /* BudgetDetailView.swift */ = {isa = PBXFileReference; lastKnownFileType = sourcecode.swift; path = BudgetDetailView.swift; sourceTree = "<group>"; };
		A69293502B6F6C48001AB512 /* PieChartView.swift */ = {isa = PBXFileReference; lastKnownFileType = sourcecode.swift; path = PieChartView.swift; sourceTree = "<group>"; };
		A69293522B6F6F85001AB512 /* EditBudgetView.swift */ = {isa = PBXFileReference; lastKnownFileType = sourcecode.swift; path = EditBudgetView.swift; sourceTree = "<group>"; };
		A6A74BBE2B6DDEA1005629AF /* Expenserooo.app */ = {isa = PBXFileReference; explicitFileType = wrapper.application; includeInIndex = 0; path = Expenserooo.app; sourceTree = BUILT_PRODUCTS_DIR; };
		A6A74BC12B6DDEA1005629AF /* ExpenseroooApp.swift */ = {isa = PBXFileReference; lastKnownFileType = sourcecode.swift; path = ExpenseroooApp.swift; sourceTree = "<group>"; };
		A6A74BC52B6DDEAA005629AF /* Assets.xcassets */ = {isa = PBXFileReference; lastKnownFileType = folder.assetcatalog; path = Assets.xcassets; sourceTree = "<group>"; };
		A6A74BC82B6DDEAA005629AF /* Preview Assets.xcassets */ = {isa = PBXFileReference; lastKnownFileType = folder.assetcatalog; path = "Preview Assets.xcassets"; sourceTree = "<group>"; };
		A6A74BD52B6DE1F3005629AF /* DataController.swift */ = {isa = PBXFileReference; lastKnownFileType = sourcecode.swift; path = DataController.swift; sourceTree = "<group>"; };
/* End PBXFileReference section */

/* Begin PBXFrameworksBuildPhase section */
		A6A74BBB2B6DDEA1005629AF /* Frameworks */ = {
			isa = PBXFrameworksBuildPhase;
			buildActionMask = 2147483647;
			files = (
			);
			runOnlyForDeploymentPostprocessing = 0;
		};
/* End PBXFrameworksBuildPhase section */

/* Begin PBXGroup section */
		A692933A2B6DE939001AB512 /* COmponents */ = {
			isa = PBXGroup;
			children = (
				A692933B2B6DE95F001AB512 /* RUButton.swift */,
			);
			path = COmponents;
			sourceTree = "<group>";
		};
		A692933F2B6DECB3001AB512 /* Helpers */ = {
			isa = PBXGroup;
			children = (
				A606AAC52B78974500B3A93A /* DoubleFormatter.swift */,
			);
			path = Helpers;
			sourceTree = "<group>";
		};
		A6A74BB52B6DDEA0005629AF = {
			isa = PBXGroup;
			children = (
				A6A74BC02B6DDEA1005629AF /* Expenserooo */,
				A6A74BBF2B6DDEA1005629AF /* Products */,
			);
			sourceTree = "<group>";
		};
		A6A74BBF2B6DDEA1005629AF /* Products */ = {
			isa = PBXGroup;
			children = (
				A6A74BBE2B6DDEA1005629AF /* Expenserooo.app */,
			);
			name = Products;
			sourceTree = "<group>";
		};
		A6A74BC02B6DDEA1005629AF /* Expenserooo */ = {
			isa = PBXGroup;
			children = (
				A692933F2B6DECB3001AB512 /* Helpers */,
				A692933A2B6DE939001AB512 /* COmponents */,
				A6A74BD12B6DDF15005629AF /* DataController */,
				A6A74BD02B6DDF08005629AF /* ViewController */,
				A6A74BCF2B6DDF01005629AF /* Views */,
				A6A74BC12B6DDEA1005629AF /* ExpenseroooApp.swift */,
				A6A74BC52B6DDEAA005629AF /* Assets.xcassets */,
				A6A74BC72B6DDEAA005629AF /* Preview Content */,
			);
			path = Expenserooo;
			sourceTree = "<group>";
		};
		A6A74BC72B6DDEAA005629AF /* Preview Content */ = {
			isa = PBXGroup;
			children = (
				A6A74BC82B6DDEAA005629AF /* Preview Assets.xcassets */,
			);
			path = "Preview Content";
			sourceTree = "<group>";
		};
		A6A74BCF2B6DDF01005629AF /* Views */ = {
			isa = PBXGroup;
			children = (
				A69293482B6DF786001AB512 /* AddBudgetView.swift */,
				A692934C2B6EA968001AB512 /* BudgetListView.swift */,
				A692934E2B6EFE6C001AB512 /* BudgetDetailView.swift */,
				A69293502B6F6C48001AB512 /* PieChartView.swift */,
				A69293522B6F6F85001AB512 /* EditBudgetView.swift */,
			);
			path = Views;
			sourceTree = "<group>";
		};
		A6A74BD02B6DDF08005629AF /* ViewController */ = {
			isa = PBXGroup;
			children = (
			);
			path = ViewController;
			sourceTree = "<group>";
		};
		A6A74BD12B6DDF15005629AF /* DataController */ = {
			isa = PBXGroup;
			children = (
				A6A74BD52B6DE1F3005629AF /* DataController.swift */,
				A69293452B6DF5BF001AB512 /* BudgetModel.xcdatamodeld */,
			);
			path = DataController;
			sourceTree = "<group>";
		};
/* End PBXGroup section */

/* Begin PBXNativeTarget section */
		A6A74BBD2B6DDEA1005629AF /* Expenserooo */ = {
			isa = PBXNativeTarget;
			buildConfigurationList = A6A74BCC2B6DDEAA005629AF /* Build configuration list for PBXNativeTarget "Expenserooo" */;
			buildPhases = (
				A6A74BBA2B6DDEA1005629AF /* Sources */,
				A6A74BBB2B6DDEA1005629AF /* Frameworks */,
				A6A74BBC2B6DDEA1005629AF /* Resources */,
			);
			buildRules = (
			);
			dependencies = (
			);
			name = Expenserooo;
			productName = Expenserooo;
			productReference = A6A74BBE2B6DDEA1005629AF /* Expenserooo.app */;
			productType = "com.apple.product-type.application";
		};
/* End PBXNativeTarget section */

/* Begin PBXProject section */
		A6A74BB62B6DDEA0005629AF /* Project object */ = {
			isa = PBXProject;
			attributes = {
				BuildIndependentTargetsInParallel = 1;
				LastSwiftUpdateCheck = 1420;
				LastUpgradeCheck = 1420;
				TargetAttributes = {
					A6A74BBD2B6DDEA1005629AF = {
						CreatedOnToolsVersion = 14.2;
					};
				};
			};
			buildConfigurationList = A6A74BB92B6DDEA0005629AF /* Build configuration list for PBXProject "Expenserooo" */;
			compatibilityVersion = "Xcode 14.0";
			developmentRegion = en;
			hasScannedForEncodings = 0;
			knownRegions = (
				en,
				Base,
			);
			mainGroup = A6A74BB52B6DDEA0005629AF;
			productRefGroup = A6A74BBF2B6DDEA1005629AF /* Products */;
			projectDirPath = "";
			projectRoot = "";
			targets = (
				A6A74BBD2B6DDEA1005629AF /* Expenserooo */,
			);
		};
/* End PBXProject section */

/* Begin PBXResourcesBuildPhase section */
		A6A74BBC2B6DDEA1005629AF /* Resources */ = {
			isa = PBXResourcesBuildPhase;
			buildActionMask = 2147483647;
			files = (
				A6A74BC92B6DDEAA005629AF /* Preview Assets.xcassets in Resources */,
				A6A74BC62B6DDEAA005629AF /* Assets.xcassets in Resources */,
			);
			runOnlyForDeploymentPostprocessing = 0;
		};
/* End PBXResourcesBuildPhase section */

/* Begin PBXSourcesBuildPhase section */
		A6A74BBA2B6DDEA1005629AF /* Sources */ = {
			isa = PBXSourcesBuildPhase;
			buildActionMask = 2147483647;
			files = (
				A69293512B6F6C48001AB512 /* PieChartView.swift in Sources */,
				A6A74BD62B6DE1F4005629AF /* DataController.swift in Sources */,
				A6A74BC22B6DDEA1005629AF /* ExpenseroooApp.swift in Sources */,
				A692934F2B6EFE6C001AB512 /* BudgetDetailView.swift in Sources */,
				A69293532B6F6F85001AB512 /* EditBudgetView.swift in Sources */,
				A69293492B6DF786001AB512 /* AddBudgetView.swift in Sources */,
				A69293472B6DF5BF001AB512 /* BudgetModel.xcdatamodeld in Sources */,
				A606AAC62B78974500B3A93A /* DoubleFormatter.swift in Sources */,
				A692933C2B6DE95F001AB512 /* RUButton.swift in Sources */,
				A692934D2B6EA968001AB512 /* BudgetListView.swift in Sources */,
			);
			runOnlyForDeploymentPostprocessing = 0;
		};
/* End PBXSourcesBuildPhase section */

/* Begin XCBuildConfiguration section */
		A6A74BCA2B6DDEAA005629AF /* Debug */ = {
			isa = XCBuildConfiguration;
			buildSettings = {
				ALWAYS_SEARCH_USER_PATHS = NO;
				CLANG_ANALYZER_NONNULL = YES;
				CLANG_ANALYZER_NUMBER_OBJECT_CONVERSION = YES_AGGRESSIVE;
				CLANG_CXX_LANGUAGE_STANDARD = "gnu++20";
				CLANG_ENABLE_MODULES = YES;
				CLANG_ENABLE_OBJC_ARC = YES;
				CLANG_ENABLE_OBJC_WEAK = YES;
				CLANG_WARN_BLOCK_CAPTURE_AUTORELEASING = YES;
				CLANG_WARN_BOOL_CONVERSION = YES;
				CLANG_WARN_COMMA = YES;
				CLANG_WARN_CONSTANT_CONVERSION = YES;
				CLANG_WARN_DEPRECATED_OBJC_IMPLEMENTATIONS = YES;
				CLANG_WARN_DIRECT_OBJC_ISA_USAGE = YES_ERROR;
				CLANG_WARN_DOCUMENTATION_COMMENTS = YES;
				CLANG_WARN_EMPTY_BODY = YES;
				CLANG_WARN_ENUM_CONVERSION = YES;
				CLANG_WARN_INFINITE_RECURSION = YES;
				CLANG_WARN_INT_CONVERSION = YES;
				CLANG_WARN_NON_LITERAL_NULL_CONVERSION = YES;
				CLANG_WARN_OBJC_IMPLICIT_RETAIN_SELF = YES;
				CLANG_WARN_OBJC_LITERAL_CONVERSION = YES;
				CLANG_WARN_OBJC_ROOT_CLASS = YES_ERROR;
				CLANG_WARN_QUOTED_INCLUDE_IN_FRAMEWORK_HEADER = YES;
				CLANG_WARN_RANGE_LOOP_ANALYSIS = YES;
				CLANG_WARN_STRICT_PROTOTYPES = YES;
				CLANG_WARN_SUSPICIOUS_MOVE = YES;
				CLANG_WARN_UNGUARDED_AVAILABILITY = YES_AGGRESSIVE;
				CLANG_WARN_UNREACHABLE_CODE = YES;
				CLANG_WARN__DUPLICATE_METHOD_MATCH = YES;
				COPY_PHASE_STRIP = NO;
				DEBUG_INFORMATION_FORMAT = dwarf;
				ENABLE_STRICT_OBJC_MSGSEND = YES;
				ENABLE_TESTABILITY = YES;
				GCC_C_LANGUAGE_STANDARD = gnu11;
				GCC_DYNAMIC_NO_PIC = NO;
				GCC_NO_COMMON_BLOCKS = YES;
				GCC_OPTIMIZATION_LEVEL = 0;
				GCC_PREPROCESSOR_DEFINITIONS = (
					"DEBUG=1",
					"$(inherited)",
				);
				GCC_WARN_64_TO_32_BIT_CONVERSION = YES;
				GCC_WARN_ABOUT_RETURN_TYPE = YES_ERROR;
				GCC_WARN_UNDECLARED_SELECTOR = YES;
				GCC_WARN_UNINITIALIZED_AUTOS = YES_AGGRESSIVE;
				GCC_WARN_UNUSED_FUNCTION = YES;
				GCC_WARN_UNUSED_VARIABLE = YES;
				IPHONEOS_DEPLOYMENT_TARGET = 16.2;
				MTL_ENABLE_DEBUG_INFO = INCLUDE_SOURCE;
				MTL_FAST_MATH = YES;
				ONLY_ACTIVE_ARCH = YES;
				SDKROOT = iphoneos;
				SWIFT_ACTIVE_COMPILATION_CONDITIONS = DEBUG;
				SWIFT_OPTIMIZATION_LEVEL = "-Onone";
			};
			name = Debug;
		};
		A6A74BCB2B6DDEAA005629AF /* Release */ = {
			isa = XCBuildConfiguration;
			buildSettings = {
				ALWAYS_SEARCH_USER_PATHS = NO;
				CLANG_ANALYZER_NONNULL = YES;
				CLANG_ANALYZER_NUMBER_OBJECT_CONVERSION = YES_AGGRESSIVE;
				CLANG_CXX_LANGUAGE_STANDARD = "gnu++20";
				CLANG_ENABLE_MODULES = YES;
				CLANG_ENABLE_OBJC_ARC = YES;
				CLANG_ENABLE_OBJC_WEAK = YES;
				CLANG_WARN_BLOCK_CAPTURE_AUTORELEASING = YES;
				CLANG_WARN_BOOL_CONVERSION = YES;
				CLANG_WARN_COMMA = YES;
				CLANG_WARN_CONSTANT_CONVERSION = YES;
				CLANG_WARN_DEPRECATED_OBJC_IMPLEMENTATIONS = YES;
				CLANG_WARN_DIRECT_OBJC_ISA_USAGE = YES_ERROR;
				CLANG_WARN_DOCUMENTATION_COMMENTS = YES;
				CLANG_WARN_EMPTY_BODY = YES;
				CLANG_WARN_ENUM_CONVERSION = YES;
				CLANG_WARN_INFINITE_RECURSION = YES;
				CLANG_WARN_INT_CONVERSION = YES;
				CLANG_WARN_NON_LITERAL_NULL_CONVERSION = YES;
				CLANG_WARN_OBJC_IMPLICIT_RETAIN_SELF = YES;
				CLANG_WARN_OBJC_LITERAL_CONVERSION = YES;
				CLANG_WARN_OBJC_ROOT_CLASS = YES_ERROR;
				CLANG_WARN_QUOTED_INCLUDE_IN_FRAMEWORK_HEADER = YES;
				CLANG_WARN_RANGE_LOOP_ANALYSIS = YES;
				CLANG_WARN_STRICT_PROTOTYPES = YES;
				CLANG_WARN_SUSPICIOUS_MOVE = YES;
				CLANG_WARN_UNGUARDED_AVAILABILITY = YES_AGGRESSIVE;
				CLANG_WARN_UNREACHABLE_CODE = YES;
				CLANG_WARN__DUPLICATE_METHOD_MATCH = YES;
				COPY_PHASE_STRIP = NO;
				DEBUG_INFORMATION_FORMAT = "dwarf-with-dsym";
				ENABLE_NS_ASSERTIONS = NO;
				ENABLE_STRICT_OBJC_MSGSEND = YES;
				GCC_C_LANGUAGE_STANDARD = gnu11;
				GCC_NO_COMMON_BLOCKS = YES;
				GCC_WARN_64_TO_32_BIT_CONVERSION = YES;
				GCC_WARN_ABOUT_RETURN_TYPE = YES_ERROR;
				GCC_WARN_UNDECLARED_SELECTOR = YES;
				GCC_WARN_UNINITIALIZED_AUTOS = YES_AGGRESSIVE;
				GCC_WARN_UNUSED_FUNCTION = YES;
				GCC_WARN_UNUSED_VARIABLE = YES;
				IPHONEOS_DEPLOYMENT_TARGET = 16.2;
				MTL_ENABLE_DEBUG_INFO = NO;
				MTL_FAST_MATH = YES;
				SDKROOT = iphoneos;
				SWIFT_COMPILATION_MODE = wholemodule;
				SWIFT_OPTIMIZATION_LEVEL = "-O";
				VALIDATE_PRODUCT = YES;
			};
			name = Release;
		};
		A6A74BCD2B6DDEAA005629AF /* Debug */ = {
			isa = XCBuildConfiguration;
			buildSettings = {
				ASSETCATALOG_COMPILER_APPICON_NAME = AppIcon;
				ASSETCATALOG_COMPILER_GLOBAL_ACCENT_COLOR_NAME = AccentColor;
				CODE_SIGN_STYLE = Automatic;
				CURRENT_PROJECT_VERSION = 1;
				DEVELOPMENT_ASSET_PATHS = "\"Expenserooo/Preview Content\"";
				DEVELOPMENT_TEAM = AB2AUQ6XU8;
				ENABLE_PREVIEWS = YES;
				GENERATE_INFOPLIST_FILE = YES;
				INFOPLIST_KEY_UIApplicationSceneManifest_Generation = YES;
				INFOPLIST_KEY_UIApplicationSupportsIndirectInputEvents = YES;
				INFOPLIST_KEY_UILaunchScreen_Generation = YES;
				INFOPLIST_KEY_UISupportedInterfaceOrientations_iPad = "UIInterfaceOrientationPortrait UIInterfaceOrientationPortraitUpsideDown UIInterfaceOrientationLandscapeLeft UIInterfaceOrientationLandscapeRight";
				INFOPLIST_KEY_UISupportedInterfaceOrientations_iPhone = "UIInterfaceOrientationPortrait UIInterfaceOrientationLandscapeLeft UIInterfaceOrientationLandscapeRight";
				LD_RUNPATH_SEARCH_PATHS = (
					"$(inherited)",
					"@executable_path/Frameworks",
				);
				MARKETING_VERSION = 1.0;
				PRODUCT_BUNDLE_IDENTIFIER = Expenserooo;
				PRODUCT_NAME = "$(TARGET_NAME)";
				SWIFT_EMIT_LOC_STRINGS = YES;
				SWIFT_VERSION = 5.0;
				TARGETED_DEVICE_FAMILY = "1,2";
			};
			name = Debug;
		};
		A6A74BCE2B6DDEAA005629AF /* Release */ = {
			isa = XCBuildConfiguration;
			buildSettings = {
				ASSETCATALOG_COMPILER_APPICON_NAME = AppIcon;
				ASSETCATALOG_COMPILER_GLOBAL_ACCENT_COLOR_NAME = AccentColor;
				CODE_SIGN_STYLE = Automatic;
				CURRENT_PROJECT_VERSION = 1;
				DEVELOPMENT_ASSET_PATHS = "\"Expenserooo/Preview Content\"";
				DEVELOPMENT_TEAM = AB2AUQ6XU8;
				ENABLE_PREVIEWS = YES;
				GENERATE_INFOPLIST_FILE = YES;
				INFOPLIST_KEY_UIApplicationSceneManifest_Generation = YES;
				INFOPLIST_KEY_UIApplicationSupportsIndirectInputEvents = YES;
				INFOPLIST_KEY_UILaunchScreen_Generation = YES;
				INFOPLIST_KEY_UISupportedInterfaceOrientations_iPad = "UIInterfaceOrientationPortrait UIInterfaceOrientationPortraitUpsideDown UIInterfaceOrientationLandscapeLeft UIInterfaceOrientationLandscapeRight";
				INFOPLIST_KEY_UISupportedInterfaceOrientations_iPhone = "UIInterfaceOrientationPortrait UIInterfaceOrientationLandscapeLeft UIInterfaceOrientationLandscapeRight";
				LD_RUNPATH_SEARCH_PATHS = (
					"$(inherited)",
					"@executable_path/Frameworks",
				);
				MARKETING_VERSION = 1.0;
				PRODUCT_BUNDLE_IDENTIFIER = Expenserooo;
				PRODUCT_NAME = "$(TARGET_NAME)";
				SWIFT_EMIT_LOC_STRINGS = YES;
				SWIFT_VERSION = 5.0;
				TARGETED_DEVICE_FAMILY = "1,2";
			};
			name = Release;
		};
/* End XCBuildConfiguration section */

/* Begin XCConfigurationList section */
		A6A74BB92B6DDEA0005629AF /* Build configuration list for PBXProject "Expenserooo" */ = {
			isa = XCConfigurationList;
			buildConfigurations = (
				A6A74BCA2B6DDEAA005629AF /* Debug */,
				A6A74BCB2B6DDEAA005629AF /* Release */,
			);
			defaultConfigurationIsVisible = 0;
			defaultConfigurationName = Release;
		};
		A6A74BCC2B6DDEAA005629AF /* Build configuration list for PBXNativeTarget "Expenserooo" */ = {
			isa = XCConfigurationList;
			buildConfigurations = (
				A6A74BCD2B6DDEAA005629AF /* Debug */,
				A6A74BCE2B6DDEAA005629AF /* Release */,
			);
			defaultConfigurationIsVisible = 0;
			defaultConfigurationName = Release;
		};
/* End XCConfigurationList section */

/* Begin XCVersionGroup section */
		A69293452B6DF5BF001AB512 /* BudgetModel.xcdatamodeld */ = {
			isa = XCVersionGroup;
			children = (
				A69293462B6DF5BF001AB512 /* BudgetModel.xcdatamodel */,
			);
			currentVersion = A69293462B6DF5BF001AB512 /* BudgetModel.xcdatamodel */;
			path = BudgetModel.xcdatamodeld;
			sourceTree = "<group>";
			versionGroupType = wrapper.xcdatamodel;
		};
/* End XCVersionGroup section */
	};
	rootObject = A6A74BB62B6DDEA0005629AF /* Project object */;
}
